// !$*UTF8*$!
{
	archiveVersion = 1;
	classes = {
	};
	objectVersion = 77;
	objects = {

/* Begin PBXBuildFile section */
		05285BD23BDD04888929B775 /* InboxView.swift in Sources */ = {isa = PBXBuildFile; fileRef = 18199CFE823CF880E1C94476 /* InboxView.swift */; };
		60A907D6E745CD578C1248C0 /* SteerCore in Frameworks */ = {isa = PBXBuildFile; productRef = 37598AC73146CD126426965A /* SteerCore */; };
		95AE6D97AA3668BE991EE0BB /* CloudKitInbox.swift in Sources */ = {isa = PBXBuildFile; fileRef = E6C53E1F07325D698AEBCE9A /* CloudKitInbox.swift */; };
		B79B1911E9BE7167231F7686 /* CardDetailView.swift in Sources */ = {isa = PBXBuildFile; fileRef = 07EC5CEAC027EA7DD7F295EA /* CardDetailView.swift */; };
		CBEDB8BEE5EE4EF20C9582B7 /* SteerIOSApp.swift in Sources */ = {isa = PBXBuildFile; fileRef = 84D152B83142801A64439B96 /* SteerIOSApp.swift */; };
/* End PBXBuildFile section */

/* Begin PBXFileReference section */
		07EC5CEAC027EA7DD7F295EA /* CardDetailView.swift */ = {isa = PBXFileReference; lastKnownFileType = sourcecode.swift; path = CardDetailView.swift; sourceTree = "<group>"; };
		18199CFE823CF880E1C94476 /* InboxView.swift */ = {isa = PBXFileReference; lastKnownFileType = sourcecode.swift; path = InboxView.swift; sourceTree = "<group>"; };
		400608C9A7F07651B1E30B67 /* Info.plist */ = {isa = PBXFileReference; lastKnownFileType = text.plist; path = Info.plist; sourceTree = "<group>"; };
		84D152B83142801A64439B96 /* SteerIOSApp.swift */ = {isa = PBXFileReference; lastKnownFileType = sourcecode.swift; path = SteerIOSApp.swift; sourceTree = "<group>"; };
		9EB9227ACEEBD747F2EFDF47 /* SteerCore */ = {isa = PBXFileReference; lastKnownFileType = folder; name = SteerCore; path = ../../packages/SteerCore; sourceTree = SOURCE_ROOT; };
		A940AFD67B6E554CB8324B64 /* Steer.app */ = {isa = PBXFileReference; includeInIndex = 0; lastKnownFileType = wrapper.application; path = Steer.app; sourceTree = BUILT_PRODUCTS_DIR; };
		D5C900DB8295384C9D855881 /* Steer.entitlements */ = {isa = PBXFileReference; lastKnownFileType = text.plist.entitlements; path = Steer.entitlements; sourceTree = "<group>"; };
		E6C53E1F07325D698AEBCE9A /* CloudKitInbox.swift */ = {isa = PBXFileReference; lastKnownFileType = sourcecode.swift; path = CloudKitInbox.swift; sourceTree = "<group>"; };
/* End PBXFileReference section */

/* Begin PBXFrameworksBuildPhase section */
		0DBAD1AAB3E3CE0F0B46DC48 /* Frameworks */ = {
			isa = PBXFrameworksBuildPhase;
			buildActionMask = 2147483647;
			files = (
				60A907D6E745CD578C1248C0 /* SteerCore in Frameworks */,
			);
			runOnlyForDeploymentPostprocessing = 0;
		};
/* End PBXFrameworksBuildPhase section */

/* Begin PBXGroup section */
		88F223839C1D93AD07CC7146 /* SteerIOS */ = {
			isa = PBXGroup;
			children = (
				07EC5CEAC027EA7DD7F295EA /* CardDetailView.swift */,
				E6C53E1F07325D698AEBCE9A /* CloudKitInbox.swift */,
				18199CFE823CF880E1C94476 /* InboxView.swift */,
				400608C9A7F07651B1E30B67 /* Info.plist */,
				D5C900DB8295384C9D855881 /* Steer.entitlements */,
				84D152B83142801A64439B96 /* SteerIOSApp.swift */,
			);
			path = SteerIOS;
			sourceTree = "<group>";
		};
		C1907509A813FE99C337D531 = {
			isa = PBXGroup;
			children = (
				E694AF44FBC4A43FA4B554E6 /* Packages */,
				88F223839C1D93AD07CC7146 /* SteerIOS */,
				EF437627D5267FF0C98FC0BB /* Products */,
			);
			sourceTree = "<group>";
		};
		E694AF44FBC4A43FA4B554E6 /* Packages */ = {
			isa = PBXGroup;
			children = (
				9EB9227ACEEBD747F2EFDF47 /* SteerCore */,
			);
			name = Packages;
			sourceTree = "<group>";
		};
		EF437627D5267FF0C98FC0BB /* Products */ = {
			isa = PBXGroup;
			children = (
				A940AFD67B6E554CB8324B64 /* Steer.app */,
			);
			name = Products;
			sourceTree = "<group>";
		};
/* End PBXGroup section */

/* Begin PBXNativeTarget section */
		5A68072841FAE356516E8D17 /* Steer */ = {
			isa = PBXNativeTarget;
			buildConfigurationList = CD6D1DE511FCCBC234FBB595 /* Build configuration list for PBXNativeTarget "Steer" */;
			buildPhases = (
				B7E7C16FDCA12BD5D360E8FC /* Sources */,
				0DBAD1AAB3E3CE0F0B46DC48 /* Frameworks */,
			);
			buildRules = (
			);
			dependencies = (
			);
			name = Steer;
			packageProductDependencies = (
				37598AC73146CD126426965A /* SteerCore */,
			);
			productName = Steer;
			productReference = A940AFD67B6E554CB8324B64 /* Steer.app */;
			productType = "com.apple.product-type.application";
		};
/* End PBXNativeTarget section */

/* Begin PBXProject section */
		0AF5FDBA820D6D71F919315F /* Project object */ = {
			isa = PBXProject;
			attributes = {
				BuildIndependentTargetsInParallel = YES;
				LastUpgradeCheck = 1430;
				TargetAttributes = {
					5A68072841FAE356516E8D17 = {
						DevelopmentTeam = LG7667PAS6;
						ProvisioningStyle = Automatic;
					};
				};
			};
			buildConfigurationList = 2458AE5578B39197CA292697 /* Build configuration list for PBXProject "Steer" */;
			developmentRegion = en;
			hasScannedForEncodings = 0;
			knownRegions = (
				Base,
				en,
			);
			mainGroup = C1907509A813FE99C337D531;
			minimizedProjectReferenceProxies = 1;
			packageReferences = (
				7F6E9B9E97839B76FD4B14B6 /* XCLocalSwiftPackageReference "../../packages/SteerCore" */,
			);
			preferredProjectObjectVersion = 77;
			productRefGroup = EF437627D5267FF0C98FC0BB /* Products */;
			projectDirPath = "";
			projectRoot = "";
			targets = (
				5A68072841FAE356516E8D17 /* Steer */,
			);
		};
/* End PBXProject section */

/* Begin PBXSourcesBuildPhase section */
		B7E7C16FDCA12BD5D360E8FC /* Sources */ = {
			isa = PBXSourcesBuildPhase;
			buildActionMask = 2147483647;
			files = (
				B79B1911E9BE7167231F7686 /* CardDetailView.swift in Sources */,
				95AE6D97AA3668BE991EE0BB /* CloudKitInbox.swift in Sources */,
				05285BD23BDD04888929B775 /* InboxView.swift in Sources */,
				CBEDB8BEE5EE4EF20C9582B7 /* SteerIOSApp.swift in Sources */,
			);
			runOnlyForDeploymentPostprocessing = 0;
		};
/* End PBXSourcesBuildPhase section */

/* Begin XCBuildConfiguration section */
		39AB0BCF1C794427D7473FD8 /* Debug */ = {
			isa = XCBuildConfiguration;
			buildSettings = {
				ALWAYS_SEARCH_USER_PATHS = NO;
				CLANG_ANALYZER_NONNULL = YES;
				CLANG_ANALYZER_NUMBER_OBJECT_CONVERSION = YES_AGGRESSIVE;
				CLANG_CXX_LANGUAGE_STANDARD = "gnu++14";
				CLANG_CXX_LIBRARY = "libc++";
				CLANG_ENABLE_MODULES = YES;
				CLANG_ENABLE_OBJC_ARC = YES;
				CLANG_ENABLE_OBJC_WEAK = YES;
				CLANG_WARN_BLOCK_CAPTURE_AUTORELEASING = YES;
				CLANG_WARN_BOOL_CONVERSION = YES;
				CLANG_WARN_COMMA = YES;
				CLANG_WARN_CONSTANT_CONVERSION = YES;
				CLANG_WARN_DEPRECATED_OBJC_IMPLEMENTATIONS = YES;
				CLANG_WARN_DIRECT_OBJC_ISA_USAGE = YES_ERROR;
				CLANG_WARN_DOCUMENTATION_COMMENTS = YES;
				CLANG_WARN_EMPTY_BODY = YES;
				CLANG_WARN_ENUM_CONVERSION = YES;
				CLANG_WARN_INFINITE_RECURSION = YES;
				CLANG_WARN_INT_CONVERSION = YES;
				CLANG_WARN_NON_LITERAL_NULL_CONVERSION = YES;
				CLANG_WARN_OBJC_IMPLICIT_RETAIN_SELF = YES;
				CLANG_WARN_OBJC_LITERAL_CONVERSION = YES;
				CLANG_WARN_OBJC_ROOT_CLASS = YES_ERROR;
				CLANG_WARN_QUOTED_INCLUDE_IN_FRAMEWORK_HEADER = YES;
				CLANG_WARN_RANGE_LOOP_ANALYSIS = YES;
				CLANG_WARN_STRICT_PROTOTYPES = YES;
				CLANG_WARN_SUSPICIOUS_MOVE = YES;
				CLANG_WARN_UNGUARDED_AVAILABILITY = YES_AGGRESSIVE;
				CLANG_WARN_UNREACHABLE_CODE = YES;
				CLANG_WARN__DUPLICATE_METHOD_MATCH = YES;
				CODE_SIGN_STYLE = Automatic;
				COPY_PHASE_STRIP = NO;
				CURRENT_PROJECT_VERSION = 1;
				DEBUG_INFORMATION_FORMAT = dwarf;
				DEVELOPMENT_TEAM = LG7667PAS6;
				ENABLE_STRICT_OBJC_MSGSEND = YES;
				ENABLE_TESTABILITY = YES;
				GCC_C_LANGUAGE_STANDARD = gnu11;
				GCC_DYNAMIC_NO_PIC = NO;
				GCC_NO_COMMON_BLOCKS = YES;
				GCC_OPTIMIZATION_LEVEL = 0;
				GCC_PREPROCESSOR_DEFINITIONS = (
					"$(inherited)",
					"DEBUG=1",
				);
				GCC_WARN_64_TO_32_BIT_CONVERSION = YES;
				GCC_WARN_ABOUT_RETURN_TYPE = YES_ERROR;
				GCC_WARN_UNDECLARED_SELECTOR = YES;
				GCC_WARN_UNINITIALIZED_AUTOS = YES_AGGRESSIVE;
				GCC_WARN_UNUSED_FUNCTION = YES;
				GCC_WARN_UNUSED_VARIABLE = YES;
				IPHONEOS_DEPLOYMENT_TARGET = 17.0;
				MARKETING_VERSION = 0.0.1;
				MTL_ENABLE_DEBUG_INFO = INCLUDE_SOURCE;
				MTL_FAST_MATH = YES;
				ONLY_ACTIVE_ARCH = YES;
				PRODUCT_NAME = "$(TARGET_NAME)";
				SDKROOT = iphoneos;
				SWIFT_ACTIVE_COMPILATION_CONDITIONS = DEBUG;
				SWIFT_OPTIMIZATION_LEVEL = "-Onone";
				SWIFT_VERSION = 6.0;
			};
			name = Debug;
		};
		42D10DBE3E96C850D2B6952D /* Release */ = {
			isa = XCBuildConfiguration;
			buildSettings = {
				ALWAYS_SEARCH_USER_PATHS = NO;
				CLANG_ANALYZER_NONNULL = YES;
				CLANG_ANALYZER_NUMBER_OBJECT_CONVERSION = YES_AGGRESSIVE;
				CLANG_CXX_LANGUAGE_STANDARD = "gnu++14";
				CLANG_CXX_LIBRARY = "libc++";
				CLANG_ENABLE_MODULES = YES;
				CLANG_ENABLE_OBJC_ARC = YES;
				CLANG_ENABLE_OBJC_WEAK = YES;
				CLANG_WARN_BLOCK_CAPTURE_AUTORELEASING = YES;
				CLANG_WARN_BOOL_CONVERSION = YES;
				CLANG_WARN_COMMA = YES;
				CLANG_WARN_CONSTANT_CONVERSION = YES;
				CLANG_WARN_DEPRECATED_OBJC_IMPLEMENTATIONS = YES;
				CLANG_WARN_DIRECT_OBJC_ISA_USAGE = YES_ERROR;
				CLANG_WARN_DOCUMENTATION_COMMENTS = YES;
				CLANG_WARN_EMPTY_BODY = YES;
				CLANG_WARN_ENUM_CONVERSION = YES;
				CLANG_WARN_INFINITE_RECURSION = YES;
				CLANG_WARN_INT_CONVERSION = YES;
				CLANG_WARN_NON_LITERAL_NULL_CONVERSION = YES;
				CLANG_WARN_OBJC_IMPLICIT_RETAIN_SELF = YES;
				CLANG_WARN_OBJC_LITERAL_CONVERSION = YES;
				CLANG_WARN_OBJC_ROOT_CLASS = YES_ERROR;
				CLANG_WARN_QUOTED_INCLUDE_IN_FRAMEWORK_HEADER = YES;
				CLANG_WARN_RANGE_LOOP_ANALYSIS = YES;
				CLANG_WARN_STRICT_PROTOTYPES = YES;
				CLANG_WARN_SUSPICIOUS_MOVE = YES;
				CLANG_WARN_UNGUARDED_AVAILABILITY = YES_AGGRESSIVE;
				CLANG_WARN_UNREACHABLE_CODE = YES;
				CLANG_WARN__DUPLICATE_METHOD_MATCH = YES;
				CODE_SIGN_STYLE = Automatic;
				COPY_PHASE_STRIP = NO;
				CURRENT_PROJECT_VERSION = 1;
				DEBUG_INFORMATION_FORMAT = "dwarf-with-dsym";
				DEVELOPMENT_TEAM = LG7667PAS6;
				ENABLE_NS_ASSERTIONS = NO;
				ENABLE_STRICT_OBJC_MSGSEND = YES;
				GCC_C_LANGUAGE_STANDARD = gnu11;
				GCC_NO_COMMON_BLOCKS = YES;
				GCC_WARN_64_TO_32_BIT_CONVERSION = YES;
				GCC_WARN_ABOUT_RETURN_TYPE = YES_ERROR;
				GCC_WARN_UNDECLARED_SELECTOR = YES;
				GCC_WARN_UNINITIALIZED_AUTOS = YES_AGGRESSIVE;
				GCC_WARN_UNUSED_FUNCTION = YES;
				GCC_WARN_UNUSED_VARIABLE = YES;
				IPHONEOS_DEPLOYMENT_TARGET = 17.0;
				MARKETING_VERSION = 0.0.1;
				MTL_ENABLE_DEBUG_INFO = NO;
				MTL_FAST_MATH = YES;
				PRODUCT_NAME = "$(TARGET_NAME)";
				SDKROOT = iphoneos;
				SWIFT_COMPILATION_MODE = wholemodule;
				SWIFT_OPTIMIZATION_LEVEL = "-O";
				SWIFT_VERSION = 6.0;
			};
			name = Release;
		};
		7F14C7F9673E9D9D25FED366 /* Debug */ = {
			isa = XCBuildConfiguration;
			buildSettings = {
				ASSETCATALOG_COMPILER_APPICON_NAME = AppIcon;
				CODE_SIGN_ENTITLEMENTS = SteerIOS/Steer.entitlements;
				CODE_SIGN_IDENTITY = "iPhone Developer";
				INFOPLIST_FILE = SteerIOS/Info.plist;
				IPHONEOS_DEPLOYMENT_TARGET = 17.0;
				LD_RUNPATH_SEARCH_PATHS = (
					"$(inherited)",
					"@executable_path/Frameworks",
				);
				PRODUCT_BUNDLE_IDENTIFIER = ai.steer.ios;
				SDKROOT = iphoneos;
				TARGETED_DEVICE_FAMILY = "1,2";
			};
			name = Debug;
		};
		E0CE0612CD65E4EE9CDF6D0D /* Release */ = {
			isa = XCBuildConfiguration;
			buildSettings = {
				ASSETCATALOG_COMPILER_APPICON_NAME = AppIcon;
				CODE_SIGN_ENTITLEMENTS = SteerIOS/Steer.entitlements;
				CODE_SIGN_IDENTITY = "iPhone Developer";
				INFOPLIST_FILE = SteerIOS/Info.plist;
				IPHONEOS_DEPLOYMENT_TARGET = 17.0;
				LD_RUNPATH_SEARCH_PATHS = (
					"$(inherited)",
					"@executable_path/Frameworks",
				);
				PRODUCT_BUNDLE_IDENTIFIER = ai.steer.ios;
				SDKROOT = iphoneos;
				TARGETED_DEVICE_FAMILY = "1,2";
			};
			name = Release;
		};
/* End XCBuildConfiguration section */

/* Begin XCConfigurationList section */
		2458AE5578B39197CA292697 /* Build configuration list for PBXProject "Steer" */ = {
			isa = XCConfigurationList;
			buildConfigurations = (
				39AB0BCF1C794427D7473FD8 /* Debug */,
				42D10DBE3E96C850D2B6952D /* Release */,
			);
			defaultConfigurationIsVisible = 0;
			defaultConfigurationName = Debug;
		};
		CD6D1DE511FCCBC234FBB595 /* Build configuration list for PBXNativeTarget "Steer" */ = {
			isa = XCConfigurationList;
			buildConfigurations = (
				7F14C7F9673E9D9D25FED366 /* Debug */,
				E0CE0612CD65E4EE9CDF6D0D /* Release */,
			);
			defaultConfigurationIsVisible = 0;
			defaultConfigurationName = Debug;
		};
/* End XCConfigurationList section */

/* Begin XCLocalSwiftPackageReference section */
		7F6E9B9E97839B76FD4B14B6 /* XCLocalSwiftPackageReference "../../packages/SteerCore" */ = {
			isa = XCLocalSwiftPackageReference;
			relativePath = ../../packages/SteerCore;
		};
/* End XCLocalSwiftPackageReference section */

/* Begin XCSwiftPackageProductDependency section */
		37598AC73146CD126426965A /* SteerCore */ = {
			isa = XCSwiftPackageProductDependency;
			productName = SteerCore;
		};
/* End XCSwiftPackageProductDependency section */
	};
	rootObject = 0AF5FDBA820D6D71F919315F /* Project object */;
}
