// !$*UTF8*$!
{
	archiveVersion = 1;
	classes = {
	};
	objectVersion = 77;
	objects = {

/* Begin PBXBuildFile section */
		00FC61208B49178C55AEF015 /* SyncInboxFixtures.swift in Sources */ = {isa = PBXBuildFile; fileRef = C13C3B2BBACA702429D43DC3 /* SyncInboxFixtures.swift */; };
		0308823DE24A005E11ABF1ED /* DetailView.swift in Sources */ = {isa = PBXBuildFile; fileRef = 0001A236298D657692E8531D /* DetailView.swift */; };
		05285BD23BDD04888929B775 /* InboxView.swift in Sources */ = {isa = PBXBuildFile; fileRef = 18199CFE823CF880E1C94476 /* InboxView.swift */; };
		1557923B5D053BFC1F02A04D /* KeyboardObserver.swift in Sources */ = {isa = PBXBuildFile; fileRef = 14F1D810DD6F8012C7158C69 /* KeyboardObserver.swift */; };
		3CEF2917FE715ADC7EC23C2E /* Assets.xcassets in Resources */ = {isa = PBXBuildFile; fileRef = EAEF116995AC4FE59BB6135E /* Assets.xcassets */; };
		4B186F5237BFAC367284F909 /* SyncInboxOptimisticTests.swift in Sources */ = {isa = PBXBuildFile; fileRef = CF71BB96DD5535A4FC8F06AA /* SyncInboxOptimisticTests.swift */; };
		4E38EB87A53B6A1569704524 /* MacConnectionChip.swift in Sources */ = {isa = PBXBuildFile; fileRef = B34D068527D99456CD4DE0E7 /* MacConnectionChip.swift */; };
		543EFCA3684DA845C2A274D9 /* DevicePresenceObserver.swift in Sources */ = {isa = PBXBuildFile; fileRef = 80FF53CDA98888BCA8F11FF2 /* DevicePresenceObserver.swift */; };
		60A907D6E745CD578C1248C0 /* SteerCore in Frameworks */ = {isa = PBXBuildFile; productRef = 37598AC73146CD126426965A /* SteerCore */; };
		6C64F9AC4A73935473AF49FB /* DevicePresenceObserverTests.swift in Sources */ = {isa = PBXBuildFile; fileRef = B456FEC1FC4609F9410FDAB1 /* DevicePresenceObserverTests.swift */; };
		74D5D52E1823197EF214A412 /* SteerCore in Frameworks */ = {isa = PBXBuildFile; productRef = AB63FB2F0D6D4043252C1385 /* SteerCore */; };
		81D04E76A2C0A0F68BBC47F0 /* CardPayloadMappingPerfTests.swift in Sources */ = {isa = PBXBuildFile; fileRef = AF4579B87D0A851F8AEE59DC /* CardPayloadMappingPerfTests.swift */; };
		99BAA46CD0A9C05FAE5E7028 /* CardStackChrome.swift in Sources */ = {isa = PBXBuildFile; fileRef = A9BEA42E1B0087FD4C3F1488 /* CardStackChrome.swift */; };
		A60108A154CB8ABD87D0876D /* ActionCardView.swift in Sources */ = {isa = PBXBuildFile; fileRef = 968EC00ACB84B179B2CDD8F3 /* ActionCardView.swift */; };
		B2AB16691E7FECD9A988EB55 /* SteerColors.swift in Sources */ = {isa = PBXBuildFile; fileRef = 3FDFD9A5652DC9DDCEA24CB1 /* SteerColors.swift */; };
		BF2785C3DCB28F862D3775A4 /* CardFlowUITests.swift in Sources */ = {isa = PBXBuildFile; fileRef = 7B6FCF8B8A7ABA7A683B8A8C /* CardFlowUITests.swift */; };
		C27C0479BED00D3676D94A7F /* GoldenFlowUITests.swift in Sources */ = {isa = PBXBuildFile; fileRef = 3D822532A315ABEF005BBBCE /* GoldenFlowUITests.swift */; };
		C5C400592957A4DFFCB08592 /* SyncInbox.swift in Sources */ = {isa = PBXBuildFile; fileRef = 45EEB8E98E99C557BF4D09C0 /* SyncInbox.swift */; };
		CA677DB22BB1B45BE3F4DDB3 /* ReplyDock.swift in Sources */ = {isa = PBXBuildFile; fileRef = 36B391F7B1C395484A445D38 /* ReplyDock.swift */; };
		CBEDB8BEE5EE4EF20C9582B7 /* SteerIOSApp.swift in Sources */ = {isa = PBXBuildFile; fileRef = 84D152B83142801A64439B96 /* SteerIOSApp.swift */; };
		D74DDAE84355EF3D7F6CC8DA /* TerminalExcerptView.swift in Sources */ = {isa = PBXBuildFile; fileRef = 25011DE39A71D10907B4E14F /* TerminalExcerptView.swift */; };
		D8E44FBB7220CE237D65388A /* DeleteAccountTokenClearTests.swift in Sources */ = {isa = PBXBuildFile; fileRef = 55D0EC6D3D43C69749EB511E /* DeleteAccountTokenClearTests.swift */; };
		E02279F2C4B075283907BF8B /* CardPayloadMapping.swift in Sources */ = {isa = PBXBuildFile; fileRef = CA7B7629C783B50A83604328 /* CardPayloadMapping.swift */; };
		E0B0A4B323883CCF658AB6D3 /* WhatSyncsView.swift in Sources */ = {isa = PBXBuildFile; fileRef = 9E4E924D811C045FDF2306F2 /* WhatSyncsView.swift */; };
		E0B551D28EF9D635FB0F64D8 /* Models.swift in Sources */ = {isa = PBXBuildFile; fileRef = 057A2A9A71094A1E78867C5E /* Models.swift */; };
		EB0A37D0B830BBD0125A3D0C /* SettingsView.swift in Sources */ = {isa = PBXBuildFile; fileRef = 6775B843EBF5B82A78C73C8B /* SettingsView.swift */; };
		FDCA1FF988781E53C70E9ACA /* StressFlowUITests.swift in Sources */ = {isa = PBXBuildFile; fileRef = 2DD8134A0919FD30B77CE4F2 /* StressFlowUITests.swift */; };
/* End PBXBuildFile section */

/* Begin PBXContainerItemProxy section */
		BC4C1390983E3D62A04414F0 /* PBXContainerItemProxy */ = {
			isa = PBXContainerItemProxy;
			containerPortal = 0AF5FDBA820D6D71F919315F /* Project object */;
			proxyType = 1;
			remoteGlobalIDString = 5A68072841FAE356516E8D17;
			remoteInfo = Steer;
		};
		F6D25CE323631F0D538454A3 /* PBXContainerItemProxy */ = {
			isa = PBXContainerItemProxy;
			containerPortal = 0AF5FDBA820D6D71F919315F /* Project object */;
			proxyType = 1;
			remoteGlobalIDString = 5A68072841FAE356516E8D17;
			remoteInfo = Steer;
		};
/* End PBXContainerItemProxy section */

/* Begin PBXFileReference section */
		0001A236298D657692E8531D /* DetailView.swift */ = {isa = PBXFileReference; lastKnownFileType = sourcecode.swift; path = DetailView.swift; sourceTree = "<group>"; };
		057A2A9A71094A1E78867C5E /* Models.swift */ = {isa = PBXFileReference; lastKnownFileType = sourcecode.swift; path = Models.swift; sourceTree = "<group>"; };
		14F1D810DD6F8012C7158C69 /* KeyboardObserver.swift */ = {isa = PBXFileReference; lastKnownFileType = sourcecode.swift; path = KeyboardObserver.swift; sourceTree = "<group>"; };
		18199CFE823CF880E1C94476 /* InboxView.swift */ = {isa = PBXFileReference; lastKnownFileType = sourcecode.swift; path = InboxView.swift; sourceTree = "<group>"; };
		25011DE39A71D10907B4E14F /* TerminalExcerptView.swift */ = {isa = PBXFileReference; lastKnownFileType = sourcecode.swift; path = TerminalExcerptView.swift; sourceTree = "<group>"; };
		2DD8134A0919FD30B77CE4F2 /* StressFlowUITests.swift */ = {isa = PBXFileReference; lastKnownFileType = sourcecode.swift; path = StressFlowUITests.swift; sourceTree = "<group>"; };
		36B391F7B1C395484A445D38 /* ReplyDock.swift */ = {isa = PBXFileReference; lastKnownFileType = sourcecode.swift; path = ReplyDock.swift; sourceTree = "<group>"; };
		3D822532A315ABEF005BBBCE /* GoldenFlowUITests.swift */ = {isa = PBXFileReference; lastKnownFileType = sourcecode.swift; path = GoldenFlowUITests.swift; sourceTree = "<group>"; };
		3FDFD9A5652DC9DDCEA24CB1 /* SteerColors.swift */ = {isa = PBXFileReference; lastKnownFileType = sourcecode.swift; path = SteerColors.swift; sourceTree = "<group>"; };
		400608C9A7F07651B1E30B67 /* Info.plist */ = {isa = PBXFileReference; lastKnownFileType = text.plist; path = Info.plist; sourceTree = "<group>"; };
		45EEB8E98E99C557BF4D09C0 /* SyncInbox.swift */ = {isa = PBXFileReference; lastKnownFileType = sourcecode.swift; path = SyncInbox.swift; sourceTree = "<group>"; };
		55D0EC6D3D43C69749EB511E /* DeleteAccountTokenClearTests.swift */ = {isa = PBXFileReference; lastKnownFileType = sourcecode.swift; path = DeleteAccountTokenClearTests.swift; sourceTree = "<group>"; };
		5E12334E020126CC7E82A44C /* SteerTests.xctest */ = {isa = PBXFileReference; includeInIndex = 0; lastKnownFileType = wrapper.cfbundle; path = SteerTests.xctest; sourceTree = BUILT_PRODUCTS_DIR; };
		6775B843EBF5B82A78C73C8B /* SettingsView.swift */ = {isa = PBXFileReference; lastKnownFileType = sourcecode.swift; path = SettingsView.swift; sourceTree = "<group>"; };
		7B6FCF8B8A7ABA7A683B8A8C /* CardFlowUITests.swift */ = {isa = PBXFileReference; lastKnownFileType = sourcecode.swift; path = CardFlowUITests.swift; sourceTree = "<group>"; };
		80FF53CDA98888BCA8F11FF2 /* DevicePresenceObserver.swift */ = {isa = PBXFileReference; lastKnownFileType = sourcecode.swift; path = DevicePresenceObserver.swift; sourceTree = "<group>"; };
		84D152B83142801A64439B96 /* SteerIOSApp.swift */ = {isa = PBXFileReference; lastKnownFileType = sourcecode.swift; path = SteerIOSApp.swift; sourceTree = "<group>"; };
		968EC00ACB84B179B2CDD8F3 /* ActionCardView.swift */ = {isa = PBXFileReference; lastKnownFileType = sourcecode.swift; path = ActionCardView.swift; sourceTree = "<group>"; };
		9E4E924D811C045FDF2306F2 /* WhatSyncsView.swift */ = {isa = PBXFileReference; lastKnownFileType = sourcecode.swift; path = WhatSyncsView.swift; sourceTree = "<group>"; };
		9EB9227ACEEBD747F2EFDF47 /* SteerCore */ = {isa = PBXFileReference; lastKnownFileType = folder; name = SteerCore; path = ../../packages/SteerCore; sourceTree = SOURCE_ROOT; };
		A940AFD67B6E554CB8324B64 /* Steer.app */ = {isa = PBXFileReference; includeInIndex = 0; lastKnownFileType = wrapper.application; path = Steer.app; sourceTree = BUILT_PRODUCTS_DIR; };
		A9BEA42E1B0087FD4C3F1488 /* CardStackChrome.swift */ = {isa = PBXFileReference; lastKnownFileType = sourcecode.swift; path = CardStackChrome.swift; sourceTree = "<group>"; };
		AF4579B87D0A851F8AEE59DC /* CardPayloadMappingPerfTests.swift */ = {isa = PBXFileReference; lastKnownFileType = sourcecode.swift; path = CardPayloadMappingPerfTests.swift; sourceTree = "<group>"; };
		B34D068527D99456CD4DE0E7 /* MacConnectionChip.swift */ = {isa = PBXFileReference; lastKnownFileType = sourcecode.swift; path = MacConnectionChip.swift; sourceTree = "<group>"; };
		B456FEC1FC4609F9410FDAB1 /* DevicePresenceObserverTests.swift */ = {isa = PBXFileReference; lastKnownFileType = sourcecode.swift; path = DevicePresenceObserverTests.swift; sourceTree = "<group>"; };
		B6C3148BDC452FF92D86EC7F /* SteerUITests.xctest */ = {isa = PBXFileReference; includeInIndex = 0; lastKnownFileType = wrapper.cfbundle; path = SteerUITests.xctest; sourceTree = BUILT_PRODUCTS_DIR; };
		C13C3B2BBACA702429D43DC3 /* SyncInboxFixtures.swift */ = {isa = PBXFileReference; lastKnownFileType = sourcecode.swift; path = SyncInboxFixtures.swift; sourceTree = "<group>"; };
		CA7B7629C783B50A83604328 /* CardPayloadMapping.swift */ = {isa = PBXFileReference; lastKnownFileType = sourcecode.swift; path = CardPayloadMapping.swift; sourceTree = "<group>"; };
		CF71BB96DD5535A4FC8F06AA /* SyncInboxOptimisticTests.swift */ = {isa = PBXFileReference; lastKnownFileType = sourcecode.swift; path = SyncInboxOptimisticTests.swift; sourceTree = "<group>"; };
		D5C900DB8295384C9D855881 /* Steer.entitlements */ = {isa = PBXFileReference; lastKnownFileType = text.plist.entitlements; path = Steer.entitlements; sourceTree = "<group>"; };
		EAEF116995AC4FE59BB6135E /* Assets.xcassets */ = {isa = PBXFileReference; lastKnownFileType = folder.assetcatalog; path = Assets.xcassets; sourceTree = "<group>"; };
/* End PBXFileReference section */

/* Begin PBXFrameworksBuildPhase section */
		0DBAD1AAB3E3CE0F0B46DC48 /* Frameworks */ = {
			isa = PBXFrameworksBuildPhase;
			buildActionMask = 2147483647;
			files = (
				60A907D6E745CD578C1248C0 /* SteerCore in Frameworks */,
			);
			runOnlyForDeploymentPostprocessing = 0;
		};
		78D57CF3A2F8644FB3C7704E /* Frameworks */ = {
			isa = PBXFrameworksBuildPhase;
			buildActionMask = 2147483647;
			files = (
				74D5D52E1823197EF214A412 /* SteerCore in Frameworks */,
			);
			runOnlyForDeploymentPostprocessing = 0;
		};
/* End PBXFrameworksBuildPhase section */

/* Begin PBXGroup section */
		88F223839C1D93AD07CC7146 /* SteerIOS */ = {
			isa = PBXGroup;
			children = (
				968EC00ACB84B179B2CDD8F3 /* ActionCardView.swift */,
				EAEF116995AC4FE59BB6135E /* Assets.xcassets */,
				CA7B7629C783B50A83604328 /* CardPayloadMapping.swift */,
				A9BEA42E1B0087FD4C3F1488 /* CardStackChrome.swift */,
				0001A236298D657692E8531D /* DetailView.swift */,
				80FF53CDA98888BCA8F11FF2 /* DevicePresenceObserver.swift */,
				18199CFE823CF880E1C94476 /* InboxView.swift */,
				400608C9A7F07651B1E30B67 /* Info.plist */,
				14F1D810DD6F8012C7158C69 /* KeyboardObserver.swift */,
				B34D068527D99456CD4DE0E7 /* MacConnectionChip.swift */,
				057A2A9A71094A1E78867C5E /* Models.swift */,
				36B391F7B1C395484A445D38 /* ReplyDock.swift */,
				6775B843EBF5B82A78C73C8B /* SettingsView.swift */,
				D5C900DB8295384C9D855881 /* Steer.entitlements */,
				3FDFD9A5652DC9DDCEA24CB1 /* SteerColors.swift */,
				84D152B83142801A64439B96 /* SteerIOSApp.swift */,
				45EEB8E98E99C557BF4D09C0 /* SyncInbox.swift */,
				C13C3B2BBACA702429D43DC3 /* SyncInboxFixtures.swift */,
				25011DE39A71D10907B4E14F /* TerminalExcerptView.swift */,
				9E4E924D811C045FDF2306F2 /* WhatSyncsView.swift */,
			);
			path = SteerIOS;
			sourceTree = "<group>";
		};
		C1907509A813FE99C337D531 = {
			isa = PBXGroup;
			children = (
				E694AF44FBC4A43FA4B554E6 /* Packages */,
				88F223839C1D93AD07CC7146 /* SteerIOS */,
				E011DD286E58DE160F777CA6 /* SteerIOSTests */,
				EC7EF21332C1D4EC002685E0 /* SteerIOSUITests */,
				EF437627D5267FF0C98FC0BB /* Products */,
			);
			sourceTree = "<group>";
		};
		E011DD286E58DE160F777CA6 /* SteerIOSTests */ = {
			isa = PBXGroup;
			children = (
				AF4579B87D0A851F8AEE59DC /* CardPayloadMappingPerfTests.swift */,
				55D0EC6D3D43C69749EB511E /* DeleteAccountTokenClearTests.swift */,
				B456FEC1FC4609F9410FDAB1 /* DevicePresenceObserverTests.swift */,
				CF71BB96DD5535A4FC8F06AA /* SyncInboxOptimisticTests.swift */,
			);
			path = SteerIOSTests;
			sourceTree = "<group>";
		};
		E694AF44FBC4A43FA4B554E6 /* Packages */ = {
			isa = PBXGroup;
			children = (
				9EB9227ACEEBD747F2EFDF47 /* SteerCore */,
			);
			name = Packages;
			sourceTree = "<group>";
		};
		EC7EF21332C1D4EC002685E0 /* SteerIOSUITests */ = {
			isa = PBXGroup;
			children = (
				7B6FCF8B8A7ABA7A683B8A8C /* CardFlowUITests.swift */,
				3D822532A315ABEF005BBBCE /* GoldenFlowUITests.swift */,
				2DD8134A0919FD30B77CE4F2 /* StressFlowUITests.swift */,
			);
			path = SteerIOSUITests;
			sourceTree = "<group>";
		};
		EF437627D5267FF0C98FC0BB /* Products */ = {
			isa = PBXGroup;
			children = (
				A940AFD67B6E554CB8324B64 /* Steer.app */,
				5E12334E020126CC7E82A44C /* SteerTests.xctest */,
				B6C3148BDC452FF92D86EC7F /* SteerUITests.xctest */,
			);
			name = Products;
			sourceTree = "<group>";
		};
/* End PBXGroup section */

/* Begin PBXNativeTarget section */
		1FC088143E521F20399BCDB7 /* SteerUITests */ = {
			isa = PBXNativeTarget;
			buildConfigurationList = B89D1616BE36A42CF07772CC /* Build configuration list for PBXNativeTarget "SteerUITests" */;
			buildPhases = (
				B13AE4FD906E07DC4B14FEF4 /* Sources */,
			);
			buildRules = (
			);
			dependencies = (
				57101C967A5A0E1EE9626549 /* PBXTargetDependency */,
			);
			name = SteerUITests;
			packageProductDependencies = (
			);
			productName = SteerUITests;
			productReference = B6C3148BDC452FF92D86EC7F /* SteerUITests.xctest */;
			productType = "com.apple.product-type.bundle.ui-testing";
		};
		5A68072841FAE356516E8D17 /* Steer */ = {
			isa = PBXNativeTarget;
			buildConfigurationList = CD6D1DE511FCCBC234FBB595 /* Build configuration list for PBXNativeTarget "Steer" */;
			buildPhases = (
				B7E7C16FDCA12BD5D360E8FC /* Sources */,
				6887D091B15A1C4FB0896BA0 /* Resources */,
				0DBAD1AAB3E3CE0F0B46DC48 /* Frameworks */,
			);
			buildRules = (
			);
			dependencies = (
			);
			name = Steer;
			packageProductDependencies = (
				37598AC73146CD126426965A /* SteerCore */,
			);
			productName = Steer;
			productReference = A940AFD67B6E554CB8324B64 /* Steer.app */;
			productType = "com.apple.product-type.application";
		};
		5FBF6A8827937D4B28B6671A /* SteerTests */ = {
			isa = PBXNativeTarget;
			buildConfigurationList = 40AC6A58CA068D03A485B4A6 /* Build configuration list for PBXNativeTarget "SteerTests" */;
			buildPhases = (
				9FCB7A3A321FF528E83521F6 /* Sources */,
				78D57CF3A2F8644FB3C7704E /* Frameworks */,
			);
			buildRules = (
			);
			dependencies = (
				C576723D3D795C4ED24B5383 /* PBXTargetDependency */,
			);
			name = SteerTests;
			packageProductDependencies = (
				AB63FB2F0D6D4043252C1385 /* SteerCore */,
			);
			productName = SteerTests;
			productReference = 5E12334E020126CC7E82A44C /* SteerTests.xctest */;
			productType = "com.apple.product-type.bundle.unit-test";
		};
/* End PBXNativeTarget section */

/* Begin PBXProject section */
		0AF5FDBA820D6D71F919315F /* Project object */ = {
			isa = PBXProject;
			attributes = {
				BuildIndependentTargetsInParallel = YES;
				LastUpgradeCheck = 1430;
				TargetAttributes = {
					1FC088143E521F20399BCDB7 = {
						DevelopmentTeam = LG7667PAS6;
						ProvisioningStyle = Automatic;
						TestTargetID = 5A68072841FAE356516E8D17;
					};
					5A68072841FAE356516E8D17 = {
						DevelopmentTeam = LG7667PAS6;
						ProvisioningStyle = Automatic;
					};
					5FBF6A8827937D4B28B6671A = {
						DevelopmentTeam = LG7667PAS6;
						ProvisioningStyle = Automatic;
					};
				};
			};
			buildConfigurationList = 2458AE5578B39197CA292697 /* Build configuration list for PBXProject "Steer" */;
			developmentRegion = en;
			hasScannedForEncodings = 0;
			knownRegions = (
				Base,
				en,
			);
			mainGroup = C1907509A813FE99C337D531;
			minimizedProjectReferenceProxies = 1;
			packageReferences = (
				7F6E9B9E97839B76FD4B14B6 /* XCLocalSwiftPackageReference "../../packages/SteerCore" */,
			);
			preferredProjectObjectVersion = 77;
			productRefGroup = EF437627D5267FF0C98FC0BB /* Products */;
			projectDirPath = "";
			projectRoot = "";
			targets = (
				5A68072841FAE356516E8D17 /* Steer */,
				5FBF6A8827937D4B28B6671A /* SteerTests */,
				1FC088143E521F20399BCDB7 /* SteerUITests */,
			);
		};
/* End PBXProject section */

/* Begin PBXResourcesBuildPhase section */
		6887D091B15A1C4FB0896BA0 /* Resources */ = {
			isa = PBXResourcesBuildPhase;
			buildActionMask = 2147483647;
			files = (
				3CEF2917FE715ADC7EC23C2E /* Assets.xcassets in Resources */,
			);
			runOnlyForDeploymentPostprocessing = 0;
		};
/* End PBXResourcesBuildPhase section */

/* Begin PBXSourcesBuildPhase section */
		9FCB7A3A321FF528E83521F6 /* Sources */ = {
			isa = PBXSourcesBuildPhase;
			buildActionMask = 2147483647;
			files = (
				81D04E76A2C0A0F68BBC47F0 /* CardPayloadMappingPerfTests.swift in Sources */,
				D8E44FBB7220CE237D65388A /* DeleteAccountTokenClearTests.swift in Sources */,
				6C64F9AC4A73935473AF49FB /* DevicePresenceObserverTests.swift in Sources */,
				4B186F5237BFAC367284F909 /* SyncInboxOptimisticTests.swift in Sources */,
			);
			runOnlyForDeploymentPostprocessing = 0;
		};
		B13AE4FD906E07DC4B14FEF4 /* Sources */ = {
			isa = PBXSourcesBuildPhase;
			buildActionMask = 2147483647;
			files = (
				BF2785C3DCB28F862D3775A4 /* CardFlowUITests.swift in Sources */,
				C27C0479BED00D3676D94A7F /* GoldenFlowUITests.swift in Sources */,
				FDCA1FF988781E53C70E9ACA /* StressFlowUITests.swift in Sources */,
			);
			runOnlyForDeploymentPostprocessing = 0;
		};
		B7E7C16FDCA12BD5D360E8FC /* Sources */ = {
			isa = PBXSourcesBuildPhase;
			buildActionMask = 2147483647;
			files = (
				A60108A154CB8ABD87D0876D /* ActionCardView.swift in Sources */,
				E02279F2C4B075283907BF8B /* CardPayloadMapping.swift in Sources */,
				99BAA46CD0A9C05FAE5E7028 /* CardStackChrome.swift in Sources */,
				0308823DE24A005E11ABF1ED /* DetailView.swift in Sources */,
				543EFCA3684DA845C2A274D9 /* DevicePresenceObserver.swift in Sources */,
				05285BD23BDD04888929B775 /* InboxView.swift in Sources */,
				1557923B5D053BFC1F02A04D /* KeyboardObserver.swift in Sources */,
				4E38EB87A53B6A1569704524 /* MacConnectionChip.swift in Sources */,
				E0B551D28EF9D635FB0F64D8 /* Models.swift in Sources */,
				CA677DB22BB1B45BE3F4DDB3 /* ReplyDock.swift in Sources */,
				EB0A37D0B830BBD0125A3D0C /* SettingsView.swift in Sources */,
				B2AB16691E7FECD9A988EB55 /* SteerColors.swift in Sources */,
				CBEDB8BEE5EE4EF20C9582B7 /* SteerIOSApp.swift in Sources */,
				C5C400592957A4DFFCB08592 /* SyncInbox.swift in Sources */,
				00FC61208B49178C55AEF015 /* SyncInboxFixtures.swift in Sources */,
				D74DDAE84355EF3D7F6CC8DA /* TerminalExcerptView.swift in Sources */,
				E0B0A4B323883CCF658AB6D3 /* WhatSyncsView.swift in Sources */,
			);
			runOnlyForDeploymentPostprocessing = 0;
		};
/* End PBXSourcesBuildPhase section */

/* Begin PBXTargetDependency section */
		57101C967A5A0E1EE9626549 /* PBXTargetDependency */ = {
			isa = PBXTargetDependency;
			target = 5A68072841FAE356516E8D17 /* Steer */;
			targetProxy = F6D25CE323631F0D538454A3 /* PBXContainerItemProxy */;
		};
		C576723D3D795C4ED24B5383 /* PBXTargetDependency */ = {
			isa = PBXTargetDependency;
			target = 5A68072841FAE356516E8D17 /* Steer */;
			targetProxy = BC4C1390983E3D62A04414F0 /* PBXContainerItemProxy */;
		};
/* End PBXTargetDependency section */

/* Begin XCBuildConfiguration section */
		2FBF2A25F0AE9FBC97737A5B /* Debug */ = {
			isa = XCBuildConfiguration;
			buildSettings = {
				BUNDLE_LOADER = "$(TEST_HOST)";
				GENERATE_INFOPLIST_FILE = YES;
				IPHONEOS_DEPLOYMENT_TARGET = 17.0;
				LD_RUNPATH_SEARCH_PATHS = (
					"$(inherited)",
					"@executable_path/Frameworks",
					"@loader_path/Frameworks",
				);
				PRODUCT_BUNDLE_IDENTIFIER = ai.steer.ios.tests;
				SDKROOT = iphoneos;
				TARGETED_DEVICE_FAMILY = "1,2";
				TEST_HOST = "$(BUILT_PRODUCTS_DIR)/Steer.app/$(BUNDLE_EXECUTABLE_FOLDER_PATH)/Steer";
			};
			name = Debug;
		};
		39AB0BCF1C794427D7473FD8 /* Debug */ = {
			isa = XCBuildConfiguration;
			buildSettings = {
				ALWAYS_SEARCH_USER_PATHS = NO;
				CLANG_ANALYZER_NONNULL = YES;
				CLANG_ANALYZER_NUMBER_OBJECT_CONVERSION = YES_AGGRESSIVE;
				CLANG_CXX_LANGUAGE_STANDARD = "gnu++14";
				CLANG_CXX_LIBRARY = "libc++";
				CLANG_ENABLE_MODULES = YES;
				CLANG_ENABLE_OBJC_ARC = YES;
				CLANG_ENABLE_OBJC_WEAK = YES;
				CLANG_WARN_BLOCK_CAPTURE_AUTORELEASING = YES;
				CLANG_WARN_BOOL_CONVERSION = YES;
				CLANG_WARN_COMMA = YES;
				CLANG_WARN_CONSTANT_CONVERSION = YES;
				CLANG_WARN_DEPRECATED_OBJC_IMPLEMENTATIONS = YES;
				CLANG_WARN_DIRECT_OBJC_ISA_USAGE = YES_ERROR;
				CLANG_WARN_DOCUMENTATION_COMMENTS = YES;
				CLANG_WARN_EMPTY_BODY = YES;
				CLANG_WARN_ENUM_CONVERSION = YES;
				CLANG_WARN_INFINITE_RECURSION = YES;
				CLANG_WARN_INT_CONVERSION = YES;
				CLANG_WARN_NON_LITERAL_NULL_CONVERSION = YES;
				CLANG_WARN_OBJC_IMPLICIT_RETAIN_SELF = YES;
				CLANG_WARN_OBJC_LITERAL_CONVERSION = YES;
				CLANG_WARN_OBJC_ROOT_CLASS = YES_ERROR;
				CLANG_WARN_QUOTED_INCLUDE_IN_FRAMEWORK_HEADER = YES;
				CLANG_WARN_RANGE_LOOP_ANALYSIS = YES;
				CLANG_WARN_STRICT_PROTOTYPES = YES;
				CLANG_WARN_SUSPICIOUS_MOVE = YES;
				CLANG_WARN_UNGUARDED_AVAILABILITY = YES_AGGRESSIVE;
				CLANG_WARN_UNREACHABLE_CODE = YES;
				CLANG_WARN__DUPLICATE_METHOD_MATCH = YES;
				CODE_SIGN_STYLE = Automatic;
				COPY_PHASE_STRIP = NO;
				CURRENT_PROJECT_VERSION = 1;
				DEBUG_INFORMATION_FORMAT = dwarf;
				DEVELOPMENT_TEAM = LG7667PAS6;
				ENABLE_STRICT_OBJC_MSGSEND = YES;
				ENABLE_TESTABILITY = YES;
				GCC_C_LANGUAGE_STANDARD = gnu11;
				GCC_DYNAMIC_NO_PIC = NO;
				GCC_NO_COMMON_BLOCKS = YES;
				GCC_OPTIMIZATION_LEVEL = 0;
				GCC_PREPROCESSOR_DEFINITIONS = (
					"$(inherited)",
					"DEBUG=1",
				);
				GCC_WARN_64_TO_32_BIT_CONVERSION = YES;
				GCC_WARN_ABOUT_RETURN_TYPE = YES_ERROR;
				GCC_WARN_UNDECLARED_SELECTOR = YES;
				GCC_WARN_UNINITIALIZED_AUTOS = YES_AGGRESSIVE;
				GCC_WARN_UNUSED_FUNCTION = YES;
				GCC_WARN_UNUSED_VARIABLE = YES;
				IPHONEOS_DEPLOYMENT_TARGET = 17.0;
				MARKETING_VERSION = 0.0.1;
				MTL_ENABLE_DEBUG_INFO = INCLUDE_SOURCE;
				MTL_FAST_MATH = YES;
				ONLY_ACTIVE_ARCH = YES;
				PRODUCT_NAME = "$(TARGET_NAME)";
				SDKROOT = iphoneos;
				SWIFT_ACTIVE_COMPILATION_CONDITIONS = DEBUG;
				SWIFT_OPTIMIZATION_LEVEL = "-Onone";
				SWIFT_VERSION = 6.0;
			};
			name = Debug;
		};
		42D10DBE3E96C850D2B6952D /* Release */ = {
			isa = XCBuildConfiguration;
			buildSettings = {
				ALWAYS_SEARCH_USER_PATHS = NO;
				CLANG_ANALYZER_NONNULL = YES;
				CLANG_ANALYZER_NUMBER_OBJECT_CONVERSION = YES_AGGRESSIVE;
				CLANG_CXX_LANGUAGE_STANDARD = "gnu++14";
				CLANG_CXX_LIBRARY = "libc++";
				CLANG_ENABLE_MODULES = YES;
				CLANG_ENABLE_OBJC_ARC = YES;
				CLANG_ENABLE_OBJC_WEAK = YES;
				CLANG_WARN_BLOCK_CAPTURE_AUTORELEASING = YES;
				CLANG_WARN_BOOL_CONVERSION = YES;
				CLANG_WARN_COMMA = YES;
				CLANG_WARN_CONSTANT_CONVERSION = YES;
				CLANG_WARN_DEPRECATED_OBJC_IMPLEMENTATIONS = YES;
				CLANG_WARN_DIRECT_OBJC_ISA_USAGE = YES_ERROR;
				CLANG_WARN_DOCUMENTATION_COMMENTS = YES;
				CLANG_WARN_EMPTY_BODY = YES;
				CLANG_WARN_ENUM_CONVERSION = YES;
				CLANG_WARN_INFINITE_RECURSION = YES;
				CLANG_WARN_INT_CONVERSION = YES;
				CLANG_WARN_NON_LITERAL_NULL_CONVERSION = YES;
				CLANG_WARN_OBJC_IMPLICIT_RETAIN_SELF = YES;
				CLANG_WARN_OBJC_LITERAL_CONVERSION = YES;
				CLANG_WARN_OBJC_ROOT_CLASS = YES_ERROR;
				CLANG_WARN_QUOTED_INCLUDE_IN_FRAMEWORK_HEADER = YES;
				CLANG_WARN_RANGE_LOOP_ANALYSIS = YES;
				CLANG_WARN_STRICT_PROTOTYPES = YES;
				CLANG_WARN_SUSPICIOUS_MOVE = YES;
				CLANG_WARN_UNGUARDED_AVAILABILITY = YES_AGGRESSIVE;
				CLANG_WARN_UNREACHABLE_CODE = YES;
				CLANG_WARN__DUPLICATE_METHOD_MATCH = YES;
				CODE_SIGN_STYLE = Automatic;
				COPY_PHASE_STRIP = NO;
				CURRENT_PROJECT_VERSION = 1;
				DEBUG_INFORMATION_FORMAT = "dwarf-with-dsym";
				DEVELOPMENT_TEAM = LG7667PAS6;
				ENABLE_NS_ASSERTIONS = NO;
				ENABLE_STRICT_OBJC_MSGSEND = YES;
				GCC_C_LANGUAGE_STANDARD = gnu11;
				GCC_NO_COMMON_BLOCKS = YES;
				GCC_WARN_64_TO_32_BIT_CONVERSION = YES;
				GCC_WARN_ABOUT_RETURN_TYPE = YES_ERROR;
				GCC_WARN_UNDECLARED_SELECTOR = YES;
				GCC_WARN_UNINITIALIZED_AUTOS = YES_AGGRESSIVE;
				GCC_WARN_UNUSED_FUNCTION = YES;
				GCC_WARN_UNUSED_VARIABLE = YES;
				IPHONEOS_DEPLOYMENT_TARGET = 17.0;
				MARKETING_VERSION = 0.0.1;
				MTL_ENABLE_DEBUG_INFO = NO;
				MTL_FAST_MATH = YES;
				PRODUCT_NAME = "$(TARGET_NAME)";
				SDKROOT = iphoneos;
				SWIFT_COMPILATION_MODE = wholemodule;
				SWIFT_OPTIMIZATION_LEVEL = "-O";
				SWIFT_VERSION = 6.0;
			};
			name = Release;
		};
		6C09FABCDF7C527635545616 /* Release */ = {
			isa = XCBuildConfiguration;
			buildSettings = {
				BUNDLE_LOADER = "$(TEST_HOST)";
				GENERATE_INFOPLIST_FILE = YES;
				IPHONEOS_DEPLOYMENT_TARGET = 17.0;
				LD_RUNPATH_SEARCH_PATHS = (
					"$(inherited)",
					"@executable_path/Frameworks",
					"@loader_path/Frameworks",
				);
				PRODUCT_BUNDLE_IDENTIFIER = ai.steer.ios.tests;
				SDKROOT = iphoneos;
				TARGETED_DEVICE_FAMILY = "1,2";
				TEST_HOST = "$(BUILT_PRODUCTS_DIR)/Steer.app/$(BUNDLE_EXECUTABLE_FOLDER_PATH)/Steer";
			};
			name = Release;
		};
		6F67E50D8227E27BA35F6F8A /* Release */ = {
			isa = XCBuildConfiguration;
			buildSettings = {
				BUNDLE_LOADER = "$(TEST_HOST)";
				GENERATE_INFOPLIST_FILE = YES;
				IPHONEOS_DEPLOYMENT_TARGET = 17.0;
				LD_RUNPATH_SEARCH_PATHS = (
					"$(inherited)",
					"@executable_path/Frameworks",
					"@loader_path/Frameworks",
				);
				PRODUCT_BUNDLE_IDENTIFIER = ai.steer.ios.uitests;
				SDKROOT = iphoneos;
				TARGETED_DEVICE_FAMILY = "1,2";
				TEST_TARGET_NAME = Steer;
			};
			name = Release;
		};
		75AFD0AD79601483BEBEB514 /* Debug */ = {
			isa = XCBuildConfiguration;
			buildSettings = {
				BUNDLE_LOADER = "$(TEST_HOST)";
				GENERATE_INFOPLIST_FILE = YES;
				IPHONEOS_DEPLOYMENT_TARGET = 17.0;
				LD_RUNPATH_SEARCH_PATHS = (
					"$(inherited)",
					"@executable_path/Frameworks",
					"@loader_path/Frameworks",
				);
				PRODUCT_BUNDLE_IDENTIFIER = ai.steer.ios.uitests;
				SDKROOT = iphoneos;
				TARGETED_DEVICE_FAMILY = "1,2";
				TEST_TARGET_NAME = Steer;
			};
			name = Debug;
		};
		7F14C7F9673E9D9D25FED366 /* Debug */ = {
			isa = XCBuildConfiguration;
			buildSettings = {
				ASSETCATALOG_COMPILER_APPICON_NAME = AppIcon;
				CODE_SIGN_ENTITLEMENTS = SteerIOS/Steer.entitlements;
				CODE_SIGN_IDENTITY = "iPhone Developer";
				INFOPLIST_FILE = SteerIOS/Info.plist;
				IPHONEOS_DEPLOYMENT_TARGET = 17.0;
				LD_RUNPATH_SEARCH_PATHS = (
					"$(inherited)",
					"@executable_path/Frameworks",
				);
				PRODUCT_BUNDLE_IDENTIFIER = ai.steer.ios;
				SDKROOT = iphoneos;
				TARGETED_DEVICE_FAMILY = "1,2";
			};
			name = Debug;
		};
		E0CE0612CD65E4EE9CDF6D0D /* Release */ = {
			isa = XCBuildConfiguration;
			buildSettings = {
				ASSETCATALOG_COMPILER_APPICON_NAME = AppIcon;
				CODE_SIGN_ENTITLEMENTS = SteerIOS/Steer.entitlements;
				CODE_SIGN_IDENTITY = "iPhone Developer";
				INFOPLIST_FILE = SteerIOS/Info.plist;
				IPHONEOS_DEPLOYMENT_TARGET = 17.0;
				LD_RUNPATH_SEARCH_PATHS = (
					"$(inherited)",
					"@executable_path/Frameworks",
				);
				PRODUCT_BUNDLE_IDENTIFIER = ai.steer.ios;
				SDKROOT = iphoneos;
				TARGETED_DEVICE_FAMILY = "1,2";
			};
			name = Release;
		};
/* End XCBuildConfiguration section */

/* Begin XCConfigurationList section */
		2458AE5578B39197CA292697 /* Build configuration list for PBXProject "Steer" */ = {
			isa = XCConfigurationList;
			buildConfigurations = (
				39AB0BCF1C794427D7473FD8 /* Debug */,
				42D10DBE3E96C850D2B6952D /* Release */,
			);
			defaultConfigurationIsVisible = 0;
			defaultConfigurationName = Debug;
		};
		40AC6A58CA068D03A485B4A6 /* Build configuration list for PBXNativeTarget "SteerTests" */ = {
			isa = XCConfigurationList;
			buildConfigurations = (
				2FBF2A25F0AE9FBC97737A5B /* Debug */,
				6C09FABCDF7C527635545616 /* Release */,
			);
			defaultConfigurationIsVisible = 0;
			defaultConfigurationName = Debug;
		};
		B89D1616BE36A42CF07772CC /* Build configuration list for PBXNativeTarget "SteerUITests" */ = {
			isa = XCConfigurationList;
			buildConfigurations = (
				75AFD0AD79601483BEBEB514 /* Debug */,
				6F67E50D8227E27BA35F6F8A /* Release */,
			);
			defaultConfigurationIsVisible = 0;
			defaultConfigurationName = Debug;
		};
		CD6D1DE511FCCBC234FBB595 /* Build configuration list for PBXNativeTarget "Steer" */ = {
			isa = XCConfigurationList;
			buildConfigurations = (
				7F14C7F9673E9D9D25FED366 /* Debug */,
				E0CE0612CD65E4EE9CDF6D0D /* Release */,
			);
			defaultConfigurationIsVisible = 0;
			defaultConfigurationName = Debug;
		};
/* End XCConfigurationList section */

/* Begin XCLocalSwiftPackageReference section */
		7F6E9B9E97839B76FD4B14B6 /* XCLocalSwiftPackageReference "../../packages/SteerCore" */ = {
			isa = XCLocalSwiftPackageReference;
			relativePath = ../../packages/SteerCore;
		};
/* End XCLocalSwiftPackageReference section */

/* Begin XCSwiftPackageProductDependency section */
		37598AC73146CD126426965A /* SteerCore */ = {
			isa = XCSwiftPackageProductDependency;
			productName = SteerCore;
		};
		AB63FB2F0D6D4043252C1385 /* SteerCore */ = {
			isa = XCSwiftPackageProductDependency;
			productName = SteerCore;
		};
/* End XCSwiftPackageProductDependency section */
	};
	rootObject = 0AF5FDBA820D6D71F919315F /* Project object */;
}
